// !$*UTF8*$!
{
	archiveVersion = 1;
	classes = {
	};
	objectVersion = 50;
	objects = {

/* Begin PBXBuildFile section */
		C414F22E247A9A660063A1E4 /* AppDelegate.swift in Sources */ = {isa = PBXBuildFile; fileRef = C414F22D247A9A660063A1E4 /* AppDelegate.swift */; };
		C414F230247A9A660063A1E4 /* SceneDelegate.swift in Sources */ = {isa = PBXBuildFile; fileRef = C414F22F247A9A660063A1E4 /* SceneDelegate.swift */; };
		C414F232247A9A660063A1E4 /* ViewController.swift in Sources */ = {isa = PBXBuildFile; fileRef = C414F231247A9A660063A1E4 /* ViewController.swift */; };
		C414F235247A9A660063A1E4 /* Main.storyboard in Resources */ = {isa = PBXBuildFile; fileRef = C414F233247A9A660063A1E4 /* Main.storyboard */; };
		C414F237247A9A6D0063A1E4 /* Assets.xcassets in Resources */ = {isa = PBXBuildFile; fileRef = C414F236247A9A6D0063A1E4 /* Assets.xcassets */; };
		C414F23A247A9A6D0063A1E4 /* LaunchScreen.storyboard in Resources */ = {isa = PBXBuildFile; fileRef = C414F238247A9A6D0063A1E4 /* LaunchScreen.storyboard */; };
		C414F248247A9AF70063A1E4 /* IntentHandler.swift in Sources */ = {isa = PBXBuildFile; fileRef = C414F247247A9AF70063A1E4 /* IntentHandler.swift */; };
		C414F24C247A9AF70063A1E4 /* Extension.appex in Embed App Extensions */ = {isa = PBXBuildFile; fileRef = C414F245247A9AF70063A1E4 /* Extension.appex */; settings = {ATTRIBUTES = (RemoveHeadersOnCopy, ); }; };
/* End PBXBuildFile section */

/* Begin PBXContainerItemProxy section */
		C414F24A247A9AF70063A1E4 /* PBXContainerItemProxy */ = {
			isa = PBXContainerItemProxy;
			containerPortal = C414F222247A9A660063A1E4 /* Project object */;
			proxyType = 1;
			remoteGlobalIDString = C414F244247A9AF70063A1E4;
			remoteInfo = Extension;
		};
/* End PBXContainerItemProxy section */

/* Begin PBXCopyFilesBuildPhase section */
		C414F250247A9AF70063A1E4 /* Embed App Extensions */ = {
			isa = PBXCopyFilesBuildPhase;
			buildActionMask = 2147483647;
			dstPath = "";
			dstSubfolderSpec = 13;
			files = (
				C414F24C247A9AF70063A1E4 /* Extension.appex in Embed App Extensions */,
			);
			name = "Embed App Extensions";
			runOnlyForDeploymentPostprocessing = 0;
		};
/* End PBXCopyFilesBuildPhase section */

/* Begin PBXFileReference section */
		C414F22A247A9A660063A1E4 /* ChooseCruise.app */ = {isa = PBXFileReference; explicitFileType = wrapper.application; includeInIndex = 0; path = ChooseCruise.app; sourceTree = BUILT_PRODUCTS_DIR; };
		C414F22D247A9A660063A1E4 /* AppDelegate.swift */ = {isa = PBXFileReference; lastKnownFileType = sourcecode.swift; path = AppDelegate.swift; sourceTree = "<group>"; };
		C414F22F247A9A660063A1E4 /* SceneDelegate.swift */ = {isa = PBXFileReference; lastKnownFileType = sourcecode.swift; path = SceneDelegate.swift; sourceTree = "<group>"; };
		C414F231247A9A660063A1E4 /* ViewController.swift */ = {isa = PBXFileReference; lastKnownFileType = sourcecode.swift; path = ViewController.swift; sourceTree = "<group>"; };
		C414F234247A9A660063A1E4 /* Base */ = {isa = PBXFileReference; lastKnownFileType = file.storyboard; name = Base; path = Base.lproj/Main.storyboard; sourceTree = "<group>"; };
		C414F236247A9A6D0063A1E4 /* Assets.xcassets */ = {isa = PBXFileReference; lastKnownFileType = folder.assetcatalog; path = Assets.xcassets; sourceTree = "<group>"; };
		C414F239247A9A6D0063A1E4 /* Base */ = {isa = PBXFileReference; lastKnownFileType = file.storyboard; name = Base; path = Base.lproj/LaunchScreen.storyboard; sourceTree = "<group>"; };
		C414F23B247A9A6D0063A1E4 /* Info.plist */ = {isa = PBXFileReference; lastKnownFileType = text.plist.xml; path = Info.plist; sourceTree = "<group>"; };
		C414F245247A9AF70063A1E4 /* Extension.appex */ = {isa = PBXFileReference; explicitFileType = "wrapper.app-extension"; includeInIndex = 0; path = Extension.appex; sourceTree = BUILT_PRODUCTS_DIR; };
		C414F247247A9AF70063A1E4 /* IntentHandler.swift */ = {isa = PBXFileReference; lastKnownFileType = sourcecode.swift; path = IntentHandler.swift; sourceTree = "<group>"; };
		C414F249247A9AF70063A1E4 /* Info.plist */ = {isa = PBXFileReference; lastKnownFileType = text.plist.xml; path = Info.plist; sourceTree = "<group>"; };
/* End PBXFileReference section */

/* Begin PBXFrameworksBuildPhase section */
		C414F227247A9A660063A1E4 /* Frameworks */ = {
			isa = PBXFrameworksBuildPhase;
			buildActionMask = 2147483647;
			files = (
			);
			runOnlyForDeploymentPostprocessing = 0;
		};
		C414F242247A9AF70063A1E4 /* Frameworks */ = {
			isa = PBXFrameworksBuildPhase;
			buildActionMask = 2147483647;
			files = (
			);
			runOnlyForDeploymentPostprocessing = 0;
		};
/* End PBXFrameworksBuildPhase section */

/* Begin PBXGroup section */
		C414F221247A9A660063A1E4 = {
			isa = PBXGroup;
			children = (
				C414F22C247A9A660063A1E4 /* ChooseCruise */,
				C414F246247A9AF70063A1E4 /* Extension */,
				C414F22B247A9A660063A1E4 /* Products */,
			);
			sourceTree = "<group>";
		};
		C414F22B247A9A660063A1E4 /* Products */ = {
			isa = PBXGroup;
			children = (
				C414F22A247A9A660063A1E4 /* ChooseCruise.app */,
				C414F245247A9AF70063A1E4 /* Extension.appex */,
			);
			name = Products;
			sourceTree = "<group>";
		};
		C414F22C247A9A660063A1E4 /* ChooseCruise */ = {
			isa = PBXGroup;
			children = (
				C414F22D247A9A660063A1E4 /* AppDelegate.swift */,
				C414F22F247A9A660063A1E4 /* SceneDelegate.swift */,
				C414F231247A9A660063A1E4 /* ViewController.swift */,
				C414F233247A9A660063A1E4 /* Main.storyboard */,
				C414F236247A9A6D0063A1E4 /* Assets.xcassets */,
				C414F238247A9A6D0063A1E4 /* LaunchScreen.storyboard */,
				C414F23B247A9A6D0063A1E4 /* Info.plist */,
			);
			path = ChooseCruise;
			sourceTree = "<group>";
		};
		C414F246247A9AF70063A1E4 /* Extension */ = {
			isa = PBXGroup;
			children = (
				C414F247247A9AF70063A1E4 /* IntentHandler.swift */,
				C414F249247A9AF70063A1E4 /* Info.plist */,
			);
			path = Extension;
			sourceTree = "<group>";
		};
/* End PBXGroup section */

/* Begin PBXNativeTarget section */
		C414F229247A9A660063A1E4 /* ChooseCruise */ = {
			isa = PBXNativeTarget;
			buildConfigurationList = C414F23E247A9A6D0063A1E4 /* Build configuration list for PBXNativeTarget "ChooseCruise" */;
			buildPhases = (
				C414F226247A9A660063A1E4 /* Sources */,
				C414F227247A9A660063A1E4 /* Frameworks */,
				C414F228247A9A660063A1E4 /* Resources */,
				C414F250247A9AF70063A1E4 /* Embed App Extensions */,
			);
			buildRules = (
			);
			dependencies = (
				C414F24B247A9AF70063A1E4 /* PBXTargetDependency */,
			);
			name = ChooseCruise;
			productName = ChooseCruise;
			productReference = C414F22A247A9A660063A1E4 /* ChooseCruise.app */;
			productType = "com.apple.product-type.application";
		};
		C414F244247A9AF70063A1E4 /* Extension */ = {
			isa = PBXNativeTarget;
			buildConfigurationList = C414F24D247A9AF70063A1E4 /* Build configuration list for PBXNativeTarget "Extension" */;
			buildPhases = (
				C414F241247A9AF70063A1E4 /* Sources */,
				C414F242247A9AF70063A1E4 /* Frameworks */,
				C414F243247A9AF70063A1E4 /* Resources */,
			);
			buildRules = (
			);
			dependencies = (
			);
			name = Extension;
			productName = Extension;
			productReference = C414F245247A9AF70063A1E4 /* Extension.appex */;
			productType = "com.apple.product-type.app-extension";
		};
/* End PBXNativeTarget section */

/* Begin PBXProject section */
		C414F222247A9A660063A1E4 /* Project object */ = {
			isa = PBXProject;
			attributes = {
				LastSwiftUpdateCheck = 1150;
				LastUpgradeCheck = 1150;
				ORGANIZATIONNAME = "Lasse Silkoset";
				TargetAttributes = {
					C414F229247A9A660063A1E4 = {
						CreatedOnToolsVersion = 11.5;
					};
					C414F244247A9AF70063A1E4 = {
						CreatedOnToolsVersion = 11.5;
					};
				};
			};
			buildConfigurationList = C414F225247A9A660063A1E4 /* Build configuration list for PBXProject "ChooseCruise" */;
			compatibilityVersion = "Xcode 9.3";
			developmentRegion = en;
			hasScannedForEncodings = 0;
			knownRegions = (
				en,
				Base,
			);
			mainGroup = C414F221247A9A660063A1E4;
			productRefGroup = C414F22B247A9A660063A1E4 /* Products */;
			projectDirPath = "";
			projectRoot = "";
			targets = (
				C414F229247A9A660063A1E4 /* ChooseCruise */,
				C414F244247A9AF70063A1E4 /* Extension */,
			);
		};
/* End PBXProject section */

/* Begin PBXResourcesBuildPhase section */
		C414F228247A9A660063A1E4 /* Resources */ = {
			isa = PBXResourcesBuildPhase;
			buildActionMask = 2147483647;
			files = (
				C414F23A247A9A6D0063A1E4 /* LaunchScreen.storyboard in Resources */,
				C414F237247A9A6D0063A1E4 /* Assets.xcassets in Resources */,
				C414F235247A9A660063A1E4 /* Main.storyboard in Resources */,
			);
			runOnlyForDeploymentPostprocessing = 0;
		};
		C414F243247A9AF70063A1E4 /* Resources */ = {
			isa = PBXResourcesBuildPhase;
			buildActionMask = 2147483647;
			files = (
			);
			runOnlyForDeploymentPostprocessing = 0;
		};
/* End PBXResourcesBuildPhase section */

/* Begin PBXSourcesBuildPhase section */
		C414F226247A9A660063A1E4 /* Sources */ = {
			isa = PBXSourcesBuildPhase;
			buildActionMask = 2147483647;
			files = (
				C414F232247A9A660063A1E4 /* ViewController.swift in Sources */,
				C414F22E247A9A660063A1E4 /* AppDelegate.swift in Sources */,
				C414F230247A9A660063A1E4 /* SceneDelegate.swift in Sources */,
			);
			runOnlyForDeploymentPostprocessing = 0;
		};
		C414F241247A9AF70063A1E4 /* Sources */ = {
			isa = PBXSourcesBuildPhase;
			buildActionMask = 2147483647;
			files = (
				C414F248247A9AF70063A1E4 /* IntentHandler.swift in Sources */,
			);
			runOnlyForDeploymentPostprocessing = 0;
		};
/* End PBXSourcesBuildPhase section */

/* Begin PBXTargetDependency section */
		C414F24B247A9AF70063A1E4 /* PBXTargetDependency */ = {
			isa = PBXTargetDependency;
			target = C414F244247A9AF70063A1E4 /* Extension */;
			targetProxy = C414F24A247A9AF70063A1E4 /* PBXContainerItemProxy */;
		};
/* End PBXTargetDependency section */

/* Begin PBXVariantGroup section */
		C414F233247A9A660063A1E4 /* Main.storyboard */ = {
			isa = PBXVariantGroup;
			children = (
				C414F234247A9A660063A1E4 /* Base */,
			);
			name = Main.storyboard;
			sourceTree = "<group>";
		};
		C414F238247A9A6D0063A1E4 /* LaunchScreen.storyboard */ = {
			isa = PBXVariantGroup;
			children = (
				C414F239247A9A6D0063A1E4 /* Base */,
			);
			name = LaunchScreen.storyboard;
			sourceTree = "<group>";
		};
/* End PBXVariantGroup section */

/* Begin XCBuildConfiguration section */
		C414F23C247A9A6D0063A1E4 /* Debug */ = {
			isa = XCBuildConfiguration;
			buildSettings = {
				ALWAYS_SEARCH_USER_PATHS = NO;
				CLANG_ANALYZER_NONNULL = YES;
				CLANG_ANALYZER_NUMBER_OBJECT_CONVERSION = YES_AGGRESSIVE;
				CLANG_CXX_LANGUAGE_STANDARD = "gnu++14";
				CLANG_CXX_LIBRARY = "libc++";
				CLANG_ENABLE_MODULES = YES;
				CLANG_ENABLE_OBJC_ARC = YES;
				CLANG_ENABLE_OBJC_WEAK = YES;
				CLANG_WARN_BLOCK_CAPTURE_AUTORELEASING = YES;
				CLANG_WARN_BOOL_CONVERSION = YES;
				CLANG_WARN_COMMA = YES;
				CLANG_WARN_CONSTANT_CONVERSION = YES;
				CLANG_WARN_DEPRECATED_OBJC_IMPLEMENTATIONS = YES;
				CLANG_WARN_DIRECT_OBJC_ISA_USAGE = YES_ERROR;
				CLANG_WARN_DOCUMENTATION_COMMENTS = YES;
				CLANG_WARN_EMPTY_BODY = YES;
				CLANG_WARN_ENUM_CONVERSION = YES;
				CLANG_WARN_INFINITE_RECURSION = YES;
				CLANG_WARN_INT_CONVERSION = YES;
				CLANG_WARN_NON_LITERAL_NULL_CONVERSION = YES;
				CLANG_WARN_OBJC_IMPLICIT_RETAIN_SELF = YES;
				CLANG_WARN_OBJC_LITERAL_CONVERSION = YES;
				CLANG_WARN_OBJC_ROOT_CLASS = YES_ERROR;
				CLANG_WARN_RANGE_LOOP_ANALYSIS = YES;
				CLANG_WARN_STRICT_PROTOTYPES = YES;
				CLANG_WARN_SUSPICIOUS_MOVE = YES;
				CLANG_WARN_UNGUARDED_AVAILABILITY = YES_AGGRESSIVE;
				CLANG_WARN_UNREACHABLE_CODE = YES;
				CLANG_WARN__DUPLICATE_METHOD_MATCH = YES;
				COPY_PHASE_STRIP = NO;
				DEBUG_INFORMATION_FORMAT = dwarf;
				ENABLE_STRICT_OBJC_MSGSEND = YES;
				ENABLE_TESTABILITY = YES;
				GCC_C_LANGUAGE_STANDARD = gnu11;
				GCC_DYNAMIC_NO_PIC = NO;
				GCC_NO_COMMON_BLOCKS = YES;
				GCC_OPTIMIZATION_LEVEL = 0;
				GCC_PREPROCESSOR_DEFINITIONS = (
					"DEBUG=1",
					"$(inherited)",
				);
				GCC_WARN_64_TO_32_BIT_CONVERSION = YES;
				GCC_WARN_ABOUT_RETURN_TYPE = YES_ERROR;
				GCC_WARN_UNDECLARED_SELECTOR = YES;
				GCC_WARN_UNINITIALIZED_AUTOS = YES_AGGRESSIVE;
				GCC_WARN_UNUSED_FUNCTION = YES;
				GCC_WARN_UNUSED_VARIABLE = YES;
				IPHONEOS_DEPLOYMENT_TARGET = 13.5;
				MTL_ENABLE_DEBUG_INFO = INCLUDE_SOURCE;
				MTL_FAST_MATH = YES;
				ONLY_ACTIVE_ARCH = YES;
				SDKROOT = iphoneos;
				SWIFT_ACTIVE_COMPILATION_CONDITIONS = DEBUG;
				SWIFT_OPTIMIZATION_LEVEL = "-Onone";
			};
			name = Debug;
		};
		C414F23D247A9A6D0063A1E4 /* Release */ = {
			isa = XCBuildConfiguration;
			buildSettings = {
				ALWAYS_SEARCH_USER_PATHS = NO;
				CLANG_ANALYZER_NONNULL = YES;
				CLANG_ANALYZER_NUMBER_OBJECT_CONVERSION = YES_AGGRESSIVE;
				CLANG_CXX_LANGUAGE_STANDARD = "gnu++14";
				CLANG_CXX_LIBRARY = "libc++";
				CLANG_ENABLE_MODULES = YES;
				CLANG_ENABLE_OBJC_ARC = YES;
				CLANG_ENABLE_OBJC_WEAK = YES;
				CLANG_WARN_BLOCK_CAPTURE_AUTORELEASING = YES;
				CLANG_WARN_BOOL_CONVERSION = YES;
				CLANG_WARN_COMMA = YES;
				CLANG_WARN_CONSTANT_CONVERSION = YES;
				CLANG_WARN_DEPRECATED_OBJC_IMPLEMENTATIONS = YES;
				CLANG_WARN_DIRECT_OBJC_ISA_USAGE = YES_ERROR;
				CLANG_WARN_DOCUMENTATION_COMMENTS = YES;
				CLANG_WARN_EMPTY_BODY = YES;
				CLANG_WARN_ENUM_CONVERSION = YES;
				CLANG_WARN_INFINITE_RECURSION = YES;
				CLANG_WARN_INT_CONVERSION = YES;
				CLANG_WARN_NON_LITERAL_NULL_CONVERSION = YES;
				CLANG_WARN_OBJC_IMPLICIT_RETAIN_SELF = YES;
				CLANG_WARN_OBJC_LITERAL_CONVERSION = YES;
				CLANG_WARN_OBJC_ROOT_CLASS = YES_ERROR;
				CLANG_WARN_RANGE_LOOP_ANALYSIS = YES;
				CLANG_WARN_STRICT_PROTOTYPES = YES;
				CLANG_WARN_SUSPICIOUS_MOVE = YES;
				CLANG_WARN_UNGUARDED_AVAILABILITY = YES_AGGRESSIVE;
				CLANG_WARN_UNREACHABLE_CODE = YES;
				CLANG_WARN__DUPLICATE_METHOD_MATCH = YES;
				COPY_PHASE_STRIP = NO;
				DEBUG_INFORMATION_FORMAT = "dwarf-with-dsym";
				ENABLE_NS_ASSERTIONS = NO;
				ENABLE_STRICT_OBJC_MSGSEND = YES;
				GCC_C_LANGUAGE_STANDARD = gnu11;
				GCC_NO_COMMON_BLOCKS = YES;
				GCC_WARN_64_TO_32_BIT_CONVERSION = YES;
				GCC_WARN_ABOUT_RETURN_TYPE = YES_ERROR;
				GCC_WARN_UNDECLARED_SELECTOR = YES;
				GCC_WARN_UNINITIALIZED_AUTOS = YES_AGGRESSIVE;
				GCC_WARN_UNUSED_FUNCTION = YES;
				GCC_WARN_UNUSED_VARIABLE = YES;
				IPHONEOS_DEPLOYMENT_TARGET = 13.5;
				MTL_ENABLE_DEBUG_INFO = NO;
				MTL_FAST_MATH = YES;
				SDKROOT = iphoneos;
				SWIFT_COMPILATION_MODE = wholemodule;
				SWIFT_OPTIMIZATION_LEVEL = "-O";
				VALIDATE_PRODUCT = YES;
			};
			name = Release;
		};
		C414F23F247A9A6D0063A1E4 /* Debug */ = {
			isa = XCBuildConfiguration;
			buildSettings = {
				ALWAYS_EMBED_SWIFT_STANDARD_LIBRARIES = YES;
				ASSETCATALOG_COMPILER_APPICON_NAME = AppIcon;
				CODE_SIGN_STYLE = Automatic;
				DEVELOPMENT_TEAM = 6PPL8837AU;
				INFOPLIST_FILE = ChooseCruise/Info.plist;
				LD_RUNPATH_SEARCH_PATHS = (
					"$(inherited)",
					"@executable_path/Frameworks",
				);
				PRODUCT_BUNDLE_IDENTIFIER = com.lassesilkoset.ChooseCruise;
				PRODUCT_NAME = "$(TARGET_NAME)";
				SWIFT_VERSION = 5.0;
				TARGETED_DEVICE_FAMILY = "1,2";
			};
			name = Debug;
		};
		C414F240247A9A6D0063A1E4 /* Release */ = {
			isa = XCBuildConfiguration;
			buildSettings = {
				ALWAYS_EMBED_SWIFT_STANDARD_LIBRARIES = YES;
				ASSETCATALOG_COMPILER_APPICON_NAME = AppIcon;
				CODE_SIGN_STYLE = Automatic;
				DEVELOPMENT_TEAM = 6PPL8837AU;
				INFOPLIST_FILE = ChooseCruise/Info.plist;
				LD_RUNPATH_SEARCH_PATHS = (
					"$(inherited)",
					"@executable_path/Frameworks",
				);
				PRODUCT_BUNDLE_IDENTIFIER = com.lassesilkoset.ChooseCruise;
				PRODUCT_NAME = "$(TARGET_NAME)";
				SWIFT_VERSION = 5.0;
				TARGETED_DEVICE_FAMILY = "1,2";
			};
			name = Release;
		};
		C414F24E247A9AF70063A1E4 /* Debug */ = {
			isa = XCBuildConfiguration;
			buildSettings = {
				CODE_SIGN_STYLE = Automatic;
				DEVELOPMENT_TEAM = 6PPL8837AU;
				INFOPLIST_FILE = Extension/Info.plist;
				LD_RUNPATH_SEARCH_PATHS = (
					"$(inherited)",
					"@executable_path/Frameworks",
					"@executable_path/../../Frameworks",
				);
				PRODUCT_BUNDLE_IDENTIFIER = com.lassesilkoset.ChooseCruise.Extension;
				PRODUCT_NAME = "$(TARGET_NAME)";
				SKIP_INSTALL = YES;
				SWIFT_VERSION = 5.0;
				TARGETED_DEVICE_FAMILY = "1,2";
			};
			name = Debug;
		};
		C414F24F247A9AF70063A1E4 /* Release */ = {
			isa = XCBuildConfiguration;
			buildSettings = {
				CODE_SIGN_STYLE = Automatic;
				DEVELOPMENT_TEAM = 6PPL8837AU;
				INFOPLIST_FILE = Extension/Info.plist;
				LD_RUNPATH_SEARCH_PATHS = (
					"$(inherited)",
					"@executable_path/Frameworks",
					"@executable_path/../../Frameworks",
				);
				PRODUCT_BUNDLE_IDENTIFIER = com.lassesilkoset.ChooseCruise.Extension;
				PRODUCT_NAME = "$(TARGET_NAME)";
				SKIP_INSTALL = YES;
				SWIFT_VERSION = 5.0;
				TARGETED_DEVICE_FAMILY = "1,2";
			};
			name = Release;
		};
/* End XCBuildConfiguration section */

/* Begin XCConfigurationList section */
		C414F225247A9A660063A1E4 /* Build configuration list for PBXProject "ChooseCruise" */ = {
			isa = XCConfigurationList;
			buildConfigurations = (
				C414F23C247A9A6D0063A1E4 /* Debug */,
				C414F23D247A9A6D0063A1E4 /* Release */,
			);
			defaultConfigurationIsVisible = 0;
			defaultConfigurationName = Release;
		};
		C414F23E247A9A6D0063A1E4 /* Build configuration list for PBXNativeTarget "ChooseCruise" */ = {
			isa = XCConfigurationList;
			buildConfigurations = (
				C414F23F247A9A6D0063A1E4 /* Debug */,
				C414F240247A9A6D0063A1E4 /* Release */,
			);
			defaultConfigurationIsVisible = 0;
			defaultConfigurationName = Release;
		};
		C414F24D247A9AF70063A1E4 /* Build configuration list for PBXNativeTarget "Extension" */ = {
			isa = XCConfigurationList;
			buildConfigurations = (
				C414F24E247A9AF70063A1E4 /* Debug */,
				C414F24F247A9AF70063A1E4 /* Release */,
			);
			defaultConfigurationIsVisible = 0;
			defaultConfigurationName = Release;
		};
/* End XCConfigurationList section */
	};
	rootObject = C414F222247A9A660063A1E4 /* Project object */;
}
